metadata:
  version: "1.0"
artifacts:
  - download_url: https://static.rust-lang.org/dist/rustc-1.89.0-src.tar.xz
    checksum: "sha256:0b9d55610d8270e06c44f459d1e2b7918a5e673809c592abed9b9c600e33d95a"
  - download_url: https://static.rust-lang.org/dist/rustc-1.90.0-src.tar.xz
    checksum: "sha256:6bfeaddd90ffda2f063492b092bfed925c4b8c701579baf4b1316e021470daac"
  - download_url: https://static.rust-lang.org/dist/rustc-1.91.0-src.tar.xz
    checksum: "sha256:9b94161dba3aa32192e0e75f7891912d98095ffb86087b07a05af35a0265a938"
  - download_url: https://static.rust-lang.org/dist/rustc-1.92.0-src.tar.xz
    checksum: "sha256:ebee170bfe4c4dfc59521a101de651e5534f4dae889756a5c97ca9ea40d0c307"
  - download_url: https://static.rust-lang.org/dist/rustc-1.93.1-src.tar.xz
    checksum: "sha256:848c9171212c998c069e6979a205a1a44fa3235a463696d62e24701c83596ce0"
